
Microsoft Visual Studio Solution File, Format Version 12.00
# Visual Studio Version 17
VisualStudioVersion = 17.1.32228.430
MinimumVisualStudioVersion = 10.0.40219.1
Project("{9A19103F-16F7-4668-BE54-9A1E7A4F7556}") = "NLayer.Core", "NLayer.Core\NLayer.Core.csproj", "{B4D35B5C-B8CB-4AEF-82FF-6D866D06C290}"
EndProject
Project("{9A19103F-16F7-4668-BE54-9A1E7A4F7556}") = "NLayer.Repository", "NLayer.Repository\NLayer.Repository.csproj", "{79924EA1-0960-4729-B9F8-0387933102DD}"
EndProject
Project("{9A19103F-16F7-4668-BE54-9A1E7A4F7556}") = "NLayer.Service", "NLayer.Service\NLayer.Service.csproj", "{523B6FAD-0D2D-4CE5-B260-D6D636E27D68}"
EndProject
Project("{9A19103F-16F7-4668-BE54-9A1E7A4F7556}") = "NLayer.API", "NLayer.API\NLayer.API.csproj", "{E1B915DA-BB47-4F30-99D1-F0953EDDA4CF}"
EndProject
Project("{9A19103F-16F7-4668-BE54-9A1E7A4F7556}") = "NLayer.Caching", "NLayer.Caching\NLayer.Caching.csproj", "{E4BCCDD3-5175-48F1-AF2F-99E476F999EE}"
EndProject
Project("{2150E333-8FDC-42A3-9474-1A3956D46DE8}") = "src", "src", "{731BF610-2B14-4788-A43D-A902E7951D4E}"
EndProject
Project("{2150E333-8FDC-42A3-9474-1A3956D46DE8}") = "test", "test", "{79B01B77-A1F9-495B-A7ED-0232F46EDB78}"
EndProject
Project("{FAE04EC0-301F-11D3-BF4B-00C04F79EFBC}") = "ProductTest", "ProductTest\ProductTest.csproj", "{8C5C18EB-3C85-4602-9CC6-11448CD45D9A}"
EndProject
Project("{FAE04EC0-301F-11D3-BF4B-00C04F79EFBC}") = "ProductCacheTest", "ProductCacheTest\ProductCacheTest.csproj", "{C28EB447-EBCC-4FA5-BD86-70A6236E5CCB}"
EndProject
Global
	GlobalSection(SolutionConfigurationPlatforms) = preSolution
		Debug|Any CPU = Debug|Any CPU
		Release|Any CPU = Release|Any CPU
	EndGlobalSection
	GlobalSection(ProjectConfigurationPlatforms) = postSolution
		{B4D35B5C-B8CB-4AEF-82FF-6D866D06C290}.Debug|Any CPU.ActiveCfg = Debug|Any CPU
		{B4D35B5C-B8CB-4AEF-82FF-6D866D06C290}.Debug|Any CPU.Build.0 = Debug|Any CPU
		{B4D35B5C-B8CB-4AEF-82FF-6D866D06C290}.Release|Any CPU.ActiveCfg = Release|Any CPU
		{B4D35B5C-B8CB-4AEF-82FF-6D866D06C290}.Release|Any CPU.Build.0 = Release|Any CPU
		{79924EA1-0960-4729-B9F8-0387933102DD}.Debug|Any CPU.ActiveCfg = Debug|Any CPU
		{79924EA1-0960-4729-B9F8-0387933102DD}.Debug|Any CPU.Build.0 = Debug|Any CPU
		{79924EA1-0960-4729-B9F8-0387933102DD}.Release|Any CPU.ActiveCfg = Release|Any CPU
		{79924EA1-0960-4729-B9F8-0387933102DD}.Release|Any CPU.Build.0 = Release|Any CPU
		{523B6FAD-0D2D-4CE5-B260-D6D636E27D68}.Debug|Any CPU.ActiveCfg = Debug|Any CPU
		{523B6FAD-0D2D-4CE5-B260-D6D636E27D68}.Debug|Any CPU.Build.0 = Debug|Any CPU
		{523B6FAD-0D2D-4CE5-B260-D6D636E27D68}.Release|Any CPU.ActiveCfg = Release|Any CPU
		{523B6FAD-0D2D-4CE5-B260-D6D636E27D68}.Release|Any CPU.Build.0 = Release|Any CPU
		{E1B915DA-BB47-4F30-99D1-F0953EDDA4CF}.Debug|Any CPU.ActiveCfg = Debug|Any CPU
		{E1B915DA-BB47-4F30-99D1-F0953EDDA4CF}.Debug|Any CPU.Build.0 = Debug|Any CPU
		{E1B915DA-BB47-4F30-99D1-F0953EDDA4CF}.Release|Any CPU.ActiveCfg = Release|Any CPU
		{E1B915DA-BB47-4F30-99D1-F0953EDDA4CF}.Release|Any CPU.Build.0 = Release|Any CPU
		{E4BCCDD3-5175-48F1-AF2F-99E476F999EE}.Debug|Any CPU.ActiveCfg = Debug|Any CPU
		{E4BCCDD3-5175-48F1-AF2F-99E476F999EE}.Debug|Any CPU.Build.0 = Debug|Any CPU
		{E4BCCDD3-5175-48F1-AF2F-99E476F999EE}.Release|Any CPU.ActiveCfg = Release|Any CPU
		{E4BCCDD3-5175-48F1-AF2F-99E476F999EE}.Release|Any CPU.Build.0 = Release|Any CPU
		{8C5C18EB-3C85-4602-9CC6-11448CD45D9A}.Debug|Any CPU.ActiveCfg = Debug|Any CPU
		{8C5C18EB-3C85-4602-9CC6-11448CD45D9A}.Debug|Any CPU.Build.0 = Debug|Any CPU
		{8C5C18EB-3C85-4602-9CC6-11448CD45D9A}.Release|Any CPU.ActiveCfg = Release|Any CPU
		{8C5C18EB-3C85-4602-9CC6-11448CD45D9A}.Release|Any CPU.Build.0 = Release|Any CPU
		{C28EB447-EBCC-4FA5-BD86-70A6236E5CCB}.Debug|Any CPU.ActiveCfg = Debug|Any CPU
		{C28EB447-EBCC-4FA5-BD86-70A6236E5CCB}.Debug|Any CPU.Build.0 = Debug|Any CPU
		{C28EB447-EBCC-4FA5-BD86-70A6236E5CCB}.Release|Any CPU.ActiveCfg = Release|Any CPU
		{C28EB447-EBCC-4FA5-BD86-70A6236E5CCB}.Release|Any CPU.Build.0 = Release|Any CPU
	EndGlobalSection
	GlobalSection(SolutionProperties) = preSolution
		HideSolutionNode = FALSE
	EndGlobalSection
	GlobalSection(NestedProjects) = preSolution
		{B4D35B5C-B8CB-4AEF-82FF-6D866D06C290} = {731BF610-2B14-4788-A43D-A902E7951D4E}
		{79924EA1-0960-4729-B9F8-0387933102DD} = {731BF610-2B14-4788-A43D-A902E7951D4E}
		{523B6FAD-0D2D-4CE5-B260-D6D636E27D68} = {731BF610-2B14-4788-A43D-A902E7951D4E}
		{E1B915DA-BB47-4F30-99D1-F0953EDDA4CF} = {731BF610-2B14-4788-A43D-A902E7951D4E}
		{E4BCCDD3-5175-48F1-AF2F-99E476F999EE} = {731BF610-2B14-4788-A43D-A902E7951D4E}
		{8C5C18EB-3C85-4602-9CC6-11448CD45D9A} = {79B01B77-A1F9-495B-A7ED-0232F46EDB78}
		{C28EB447-EBCC-4FA5-BD86-70A6236E5CCB} = {79B01B77-A1F9-495B-A7ED-0232F46EDB78}
	EndGlobalSection
	GlobalSection(ExtensibilityGlobals) = postSolution
		SolutionGuid = {849F01C6-3CF6-4944-866B-A22D24296A32}
	EndGlobalSection
EndGlobal
